
Microsoft Visual Studio Solution File, Format Version 12.00
# Visual Studio Version 16
VisualStudioVersion = 16.0.30804.86
MinimumVisualStudioVersion = 10.0.40219.1
Project("{FAE04EC0-301F-11D3-BF4B-00C04F79EFBC}") = "Coding", "Coding.csproj", "{A9A95ECF-B23B-4F32-B874-643631AC506C}"
EndProject
Global
	GlobalSection(SolutionConfigurationPlatforms) = preSolution
		Debug|Any CPU = Debug|Any CPU
		Release|Any CPU = Release|Any CPU
	EndGlobalSection
	GlobalSection(ProjectConfigurationPlatforms) = postSolution
		{A9A95ECF-B23B-4F32-B874-643631AC506C}.Debug|Any CPU.ActiveCfg = Debug|Any CPU
		{A9A95ECF-B23B-4F32-B874-643631AC506C}.Debug|Any CPU.Build.0 = Debug|Any CPU
		{A9A95ECF-B23B-4F32-B874-643631AC506C}.Release|Any CPU.ActiveCfg = Release|Any CPU
		{A9A95ECF-B23B-4F32-B874-643631AC506C}.Release|Any CPU.Build.0 = Release|Any CPU
	EndGlobalSection
	GlobalSection(SolutionProperties) = preSolution
		HideSolutionNode = FALSE
	EndGlobalSection
	GlobalSection(ExtensibilityGlobals) = postSolution
		SolutionGuid = {D499BF7D-787D-486C-A9CA-61E7860AF092}
	EndGlobalSection
EndGlobal
